// !$*UTF8*$!
{
	archiveVersion = 1;
	classes = {
	};
	objectVersion = 46;
	objects = {

/* Begin PBXBuildFile section */
		9F0CBA3819872AF600BC2CF1 /* SecretKeys.m in Sources */ = {isa = PBXBuildFile; fileRef = 9F0CBA3719872AF600BC2CF1 /* SecretKeys.m */; };
		9F36F10A19763177000855C3 /* MainViewController.m in Sources */ = {isa = PBXBuildFile; fileRef = 9F36F10919763177000855C3 /* MainViewController.m */; };
		9F440C291980CFDC002BF743 /* enlighticon_29.png in Resources */ = {isa = PBXBuildFile; fileRef = 9F440C221980CFDC002BF743 /* enlighticon_29.png */; };
		9F440C2A1980CFDC002BF743 /* enlighticon_40.png in Resources */ = {isa = PBXBuildFile; fileRef = 9F440C231980CFDC002BF743 /* enlighticon_40.png */; };
		9F440C2B1980CFDC002BF743 /* enlighticon_58.png in Resources */ = {isa = PBXBuildFile; fileRef = 9F440C241980CFDC002BF743 /* enlighticon_58.png */; };
		9F440C2C1980CFDC002BF743 /* enlighticon_76.png in Resources */ = {isa = PBXBuildFile; fileRef = 9F440C251980CFDC002BF743 /* enlighticon_76.png */; };
		9F440C2D1980CFDC002BF743 /* enlighticon_80.png in Resources */ = {isa = PBXBuildFile; fileRef = 9F440C261980CFDC002BF743 /* enlighticon_80.png */; };
		9F440C2E1980CFDC002BF743 /* enlighticon_120.png in Resources */ = {isa = PBXBuildFile; fileRef = 9F440C271980CFDC002BF743 /* enlighticon_120.png */; };
		9F440C2F1980CFDC002BF743 /* enlighticon_152.png in Resources */ = {isa = PBXBuildFile; fileRef = 9F440C281980CFDC002BF743 /* enlighticon_152.png */; };
		9F769D2219888327008BE5DB /* Cont_Empty.png in Resources */ = {isa = PBXBuildFile; fileRef = 9F769D2019888327008BE5DB /* Cont_Empty.png */; };
		9F769D2319888327008BE5DB /* Cont_Filled.png in Resources */ = {isa = PBXBuildFile; fileRef = 9F769D2119888327008BE5DB /* Cont_Filled.png */; };
		9F92AC1719874BE000EDA701 /* TabViewController.m in Sources */ = {isa = PBXBuildFile; fileRef = 9F92AC1619874BE000EDA701 /* TabViewController.m */; };
		9FC721CB1974DA280057A7C8 /* Foundation.framework in Frameworks */ = {isa = PBXBuildFile; fileRef = 9FC721CA1974DA280057A7C8 /* Foundation.framework */; };
		9FC721CD1974DA280057A7C8 /* CoreGraphics.framework in Frameworks */ = {isa = PBXBuildFile; fileRef = 9FC721CC1974DA280057A7C8 /* CoreGraphics.framework */; };
		9FC721CF1974DA280057A7C8 /* UIKit.framework in Frameworks */ = {isa = PBXBuildFile; fileRef = 9FC721CE1974DA280057A7C8 /* UIKit.framework */; };
		9FC721D51974DA280057A7C8 /* InfoPlist.strings in Resources */ = {isa = PBXBuildFile; fileRef = 9FC721D31974DA280057A7C8 /* InfoPlist.strings */; };
		9FC721D71974DA280057A7C8 /* main.m in Sources */ = {isa = PBXBuildFile; fileRef = 9FC721D61974DA280057A7C8 /* main.m */; };
		9FC721DB1974DA280057A7C8 /* AppDelegate.m in Sources */ = {isa = PBXBuildFile; fileRef = 9FC721DA1974DA280057A7C8 /* AppDelegate.m */; };
		9FC721DD1974DA280057A7C8 /* Images.xcassets in Resources */ = {isa = PBXBuildFile; fileRef = 9FC721DC1974DA280057A7C8 /* Images.xcassets */; };
		9FC721E51974DA280057A7C8 /* Foundation.framework in Frameworks */ = {isa = PBXBuildFile; fileRef = 9FC721CA1974DA280057A7C8 /* Foundation.framework */; };
		9FC721E61974DA280057A7C8 /* UIKit.framework in Frameworks */ = {isa = PBXBuildFile; fileRef = 9FC721CE1974DA280057A7C8 /* UIKit.framework */; };
		9FC721EE1974DA280057A7C8 /* InfoPlist.strings in Resources */ = {isa = PBXBuildFile; fileRef = 9FC721EC1974DA280057A7C8 /* InfoPlist.strings */; };
		9FC721F01974DA280057A7C8 /* Enlight_iOSTests.m in Sources */ = {isa = PBXBuildFile; fileRef = 9FC721EF1974DA280057A7C8 /* Enlight_iOSTests.m */; };
		9FD5533B1979EB4C00F45C76 /* FountainDisplayView.m in Sources */ = {isa = PBXBuildFile; fileRef = 9FD5533A1979EB4C00F45C76 /* FountainDisplayView.m */; };
		9FD5533E1979EB7B00F45C76 /* ToggleView.m in Sources */ = {isa = PBXBuildFile; fileRef = 9FD5533D1979EB7B00F45C76 /* ToggleView.m */; };
		9FD55341197A4A3000F45C76 /* CustomButton.m in Sources */ = {isa = PBXBuildFile; fileRef = 9FD55340197A4A3000F45C76 /* CustomButton.m */; };
		9FF6B70E197F7648008F4EDD /* APIFunctions.m in Sources */ = {isa = PBXBuildFile; fileRef = 9FF6B70D197F7648008F4EDD /* APIFunctions.m */; };
/* End PBXBuildFile section */

/* Begin PBXContainerItemProxy section */
		9F19E98F1984E746004F831E /* PBXContainerItemProxy */ = {
			isa = PBXContainerItemProxy;
			containerPortal = 9FC721BF1974DA270057A7C8 /* Project object */;
			proxyType = 1;
			remoteGlobalIDString = 9FC721C61974DA270057A7C8;
			remoteInfo = "Enlight-iOS";
		};
		9FC721E71974DA280057A7C8 /* PBXContainerItemProxy */ = {
			isa = PBXContainerItemProxy;
			containerPortal = 9FC721BF1974DA270057A7C8 /* Project object */;
			proxyType = 1;
			remoteGlobalIDString = 9FC721C61974DA270057A7C8;
			remoteInfo = "Enlight-iOS";
		};
/* End PBXContainerItemProxy section */

/* Begin PBXFileReference section */
		9F0CBA3619872AF600BC2CF1 /* SecretKeys.h */ = {isa = PBXFileReference; fileEncoding = 4; lastKnownFileType = sourcecode.c.h; path = SecretKeys.h; sourceTree = "<group>"; };
		9F0CBA3719872AF600BC2CF1 /* SecretKeys.m */ = {isa = PBXFileReference; fileEncoding = 4; lastKnownFileType = sourcecode.c.objc; path = SecretKeys.m; sourceTree = "<group>"; };
		9F36F10819763177000855C3 /* MainViewController.h */ = {isa = PBXFileReference; fileEncoding = 4; lastKnownFileType = sourcecode.c.h; path = MainViewController.h; sourceTree = "<group>"; };
		9F36F10919763177000855C3 /* MainViewController.m */ = {isa = PBXFileReference; fileEncoding = 4; lastKnownFileType = sourcecode.c.objc; path = MainViewController.m; sourceTree = "<group>"; };
		9F440C221980CFDC002BF743 /* enlighticon_29.png */ = {isa = PBXFileReference; lastKnownFileType = image.png; path = enlighticon_29.png; sourceTree = "<group>"; };
		9F440C231980CFDC002BF743 /* enlighticon_40.png */ = {isa = PBXFileReference; lastKnownFileType = image.png; path = enlighticon_40.png; sourceTree = "<group>"; };
		9F440C241980CFDC002BF743 /* enlighticon_58.png */ = {isa = PBXFileReference; lastKnownFileType = image.png; path = enlighticon_58.png; sourceTree = "<group>"; };
		9F440C251980CFDC002BF743 /* enlighticon_76.png */ = {isa = PBXFileReference; lastKnownFileType = image.png; path = enlighticon_76.png; sourceTree = "<group>"; };
		9F440C261980CFDC002BF743 /* enlighticon_80.png */ = {isa = PBXFileReference; lastKnownFileType = image.png; path = enlighticon_80.png; sourceTree = "<group>"; };
		9F440C271980CFDC002BF743 /* enlighticon_120.png */ = {isa = PBXFileReference; lastKnownFileType = image.png; path = enlighticon_120.png; sourceTree = "<group>"; };
		9F440C281980CFDC002BF743 /* enlighticon_152.png */ = {isa = PBXFileReference; lastKnownFileType = image.png; path = enlighticon_152.png; sourceTree = "<group>"; };
		9F769D2019888327008BE5DB /* Cont_Empty.png */ = {isa = PBXFileReference; lastKnownFileType = image.png; path = Cont_Empty.png; sourceTree = "<group>"; };
		9F769D2119888327008BE5DB /* Cont_Filled.png */ = {isa = PBXFileReference; lastKnownFileType = image.png; path = Cont_Filled.png; sourceTree = "<group>"; };
		9F92AC1519874BE000EDA701 /* TabViewController.h */ = {isa = PBXFileReference; fileEncoding = 4; lastKnownFileType = sourcecode.c.h; path = TabViewController.h; sourceTree = "<group>"; };
		9F92AC1619874BE000EDA701 /* TabViewController.m */ = {isa = PBXFileReference; fileEncoding = 4; lastKnownFileType = sourcecode.c.objc; path = TabViewController.m; sourceTree = "<group>"; };
		9FC721C71974DA280057A7C8 /* Enlight-iOS.app */ = {isa = PBXFileReference; explicitFileType = wrapper.application; includeInIndex = 0; path = "Enlight-iOS.app"; sourceTree = BUILT_PRODUCTS_DIR; };
		9FC721CA1974DA280057A7C8 /* Foundation.framework */ = {isa = PBXFileReference; lastKnownFileType = wrapper.framework; name = Foundation.framework; path = System/Library/Frameworks/Foundation.framework; sourceTree = SDKROOT; };
		9FC721CC1974DA280057A7C8 /* CoreGraphics.framework */ = {isa = PBXFileReference; lastKnownFileType = wrapper.framework; name = CoreGraphics.framework; path = System/Library/Frameworks/CoreGraphics.framework; sourceTree = SDKROOT; };
		9FC721CE1974DA280057A7C8 /* UIKit.framework */ = {isa = PBXFileReference; lastKnownFileType = wrapper.framework; name = UIKit.framework; path = System/Library/Frameworks/UIKit.framework; sourceTree = SDKROOT; };
		9FC721D21974DA280057A7C8 /* Enlight-iOS-Info.plist */ = {isa = PBXFileReference; lastKnownFileType = text.plist.xml; path = "Enlight-iOS-Info.plist"; sourceTree = "<group>"; };
		9FC721D41974DA280057A7C8 /* en */ = {isa = PBXFileReference; lastKnownFileType = text.plist.strings; name = en; path = en.lproj/InfoPlist.strings; sourceTree = "<group>"; };
		9FC721D61974DA280057A7C8 /* main.m */ = {isa = PBXFileReference; lastKnownFileType = sourcecode.c.objc; path = main.m; sourceTree = "<group>"; };
		9FC721D81974DA280057A7C8 /* Enlight-iOS-Prefix.pch */ = {isa = PBXFileReference; lastKnownFileType = sourcecode.c.h; path = "Enlight-iOS-Prefix.pch"; sourceTree = "<group>"; };
		9FC721D91974DA280057A7C8 /* AppDelegate.h */ = {isa = PBXFileReference; lastKnownFileType = sourcecode.c.h; path = AppDelegate.h; sourceTree = "<group>"; };
		9FC721DA1974DA280057A7C8 /* AppDelegate.m */ = {isa = PBXFileReference; lastKnownFileType = sourcecode.c.objc; path = AppDelegate.m; sourceTree = "<group>"; };
		9FC721DC1974DA280057A7C8 /* Images.xcassets */ = {isa = PBXFileReference; lastKnownFileType = folder.assetcatalog; path = Images.xcassets; sourceTree = "<group>"; };
		9FC721E21974DA280057A7C8 /* Enlight-iOSTests.xctest */ = {isa = PBXFileReference; explicitFileType = wrapper.cfbundle; includeInIndex = 0; path = "Enlight-iOSTests.xctest"; sourceTree = BUILT_PRODUCTS_DIR; };
		9FC721EB1974DA280057A7C8 /* Enlight-iOSTests-Info.plist */ = {isa = PBXFileReference; lastKnownFileType = text.plist.xml; path = "Enlight-iOSTests-Info.plist"; sourceTree = "<group>"; };
		9FC721ED1974DA280057A7C8 /* en */ = {isa = PBXFileReference; lastKnownFileType = text.plist.strings; name = en; path = en.lproj/InfoPlist.strings; sourceTree = "<group>"; };
		9FC721EF1974DA280057A7C8 /* Enlight_iOSTests.m */ = {isa = PBXFileReference; lastKnownFileType = sourcecode.c.objc; path = Enlight_iOSTests.m; sourceTree = "<group>"; };
		9FD553391979EB4C00F45C76 /* FountainDisplayView.h */ = {isa = PBXFileReference; fileEncoding = 4; lastKnownFileType = sourcecode.c.h; path = FountainDisplayView.h; sourceTree = "<group>"; };
		9FD5533A1979EB4C00F45C76 /* FountainDisplayView.m */ = {isa = PBXFileReference; fileEncoding = 4; lastKnownFileType = sourcecode.c.objc; path = FountainDisplayView.m; sourceTree = "<group>"; };
		9FD5533C1979EB7B00F45C76 /* ToggleView.h */ = {isa = PBXFileReference; fileEncoding = 4; lastKnownFileType = sourcecode.c.h; path = ToggleView.h; sourceTree = "<group>"; };
		9FD5533D1979EB7B00F45C76 /* ToggleView.m */ = {isa = PBXFileReference; fileEncoding = 4; lastKnownFileType = sourcecode.c.objc; path = ToggleView.m; sourceTree = "<group>"; };
		9FD5533F197A4A3000F45C76 /* CustomButton.h */ = {isa = PBXFileReference; fileEncoding = 4; lastKnownFileType = sourcecode.c.h; path = CustomButton.h; sourceTree = "<group>"; };
		9FD55340197A4A3000F45C76 /* CustomButton.m */ = {isa = PBXFileReference; fileEncoding = 4; lastKnownFileType = sourcecode.c.objc; path = CustomButton.m; sourceTree = "<group>"; };
		9FF6B70B197F71F8008F4EDD /* Constants.h */ = {isa = PBXFileReference; lastKnownFileType = sourcecode.c.h; path = Constants.h; sourceTree = "<group>"; };
		9FF6B70C197F7648008F4EDD /* APIFunctions.h */ = {isa = PBXFileReference; fileEncoding = 4; lastKnownFileType = sourcecode.c.h; path = APIFunctions.h; sourceTree = "<group>"; };
		9FF6B70D197F7648008F4EDD /* APIFunctions.m */ = {isa = PBXFileReference; fileEncoding = 4; lastKnownFileType = sourcecode.c.objc; path = APIFunctions.m; sourceTree = "<group>"; };
/* End PBXFileReference section */

/* Begin PBXFrameworksBuildPhase section */
		9FC721C41974DA270057A7C8 /* Frameworks */ = {
			isa = PBXFrameworksBuildPhase;
			buildActionMask = 2147483647;
			files = (
				9FC721CD1974DA280057A7C8 /* CoreGraphics.framework in Frameworks */,
				9FC721CF1974DA280057A7C8 /* UIKit.framework in Frameworks */,
				9FC721CB1974DA280057A7C8 /* Foundation.framework in Frameworks */,
			);
			runOnlyForDeploymentPostprocessing = 0;
		};
		9FC721DF1974DA280057A7C8 /* Frameworks */ = {
			isa = PBXFrameworksBuildPhase;
			buildActionMask = 2147483647;
			files = (
				9FC721E61974DA280057A7C8 /* UIKit.framework in Frameworks */,
				9FC721E51974DA280057A7C8 /* Foundation.framework in Frameworks */,
			);
			runOnlyForDeploymentPostprocessing = 0;
		};
/* End PBXFrameworksBuildPhase section */

/* Begin PBXGroup section */
		9F440C191980CC1A002BF743 /* Images */ = {
			isa = PBXGroup;
			children = (
				9F769D2019888327008BE5DB /* Cont_Empty.png */,
				9F769D2119888327008BE5DB /* Cont_Filled.png */,
				9F440C221980CFDC002BF743 /* enlighticon_29.png */,
				9F440C231980CFDC002BF743 /* enlighticon_40.png */,
				9F440C241980CFDC002BF743 /* enlighticon_58.png */,
				9F440C251980CFDC002BF743 /* enlighticon_76.png */,
				9F440C261980CFDC002BF743 /* enlighticon_80.png */,
				9F440C271980CFDC002BF743 /* enlighticon_120.png */,
				9F440C281980CFDC002BF743 /* enlighticon_152.png */,
			);
			path = Images;
			sourceTree = "<group>";
		};
		9FC721BE1974DA270057A7C8 = {
			isa = PBXGroup;
			children = (
				9F440C191980CC1A002BF743 /* Images */,
				9FC721D01974DA280057A7C8 /* Enlight-iOS */,
				9FC721E91974DA280057A7C8 /* Enlight-iOSTests */,
				9FC721D11974DA280057A7C8 /* Supporting Files */,
				9FC721C91974DA280057A7C8 /* Frameworks */,
				9FC721C81974DA280057A7C8 /* Products */,
			);
			sourceTree = "<group>";
		};
		9FC721C81974DA280057A7C8 /* Products */ = {
			isa = PBXGroup;
			children = (
				9FC721C71974DA280057A7C8 /* Enlight-iOS.app */,
				9FC721E21974DA280057A7C8 /* Enlight-iOSTests.xctest */,
			);
			name = Products;
			sourceTree = "<group>";
		};
		9FC721C91974DA280057A7C8 /* Frameworks */ = {
			isa = PBXGroup;
			children = (
				9FC721CA1974DA280057A7C8 /* Foundation.framework */,
				9FC721CC1974DA280057A7C8 /* CoreGraphics.framework */,
				9FC721CE1974DA280057A7C8 /* UIKit.framework */,
			);
			name = Frameworks;
			sourceTree = "<group>";
		};
		9FC721D01974DA280057A7C8 /* Enlight-iOS */ = {
			isa = PBXGroup;
			children = (
				9FC721D91974DA280057A7C8 /* AppDelegate.h */,
				9FC721DA1974DA280057A7C8 /* AppDelegate.m */,
				9F36F10819763177000855C3 /* MainViewController.h */,
				9F36F10919763177000855C3 /* MainViewController.m */,
				9FD553391979EB4C00F45C76 /* FountainDisplayView.h */,
				9FD5533A1979EB4C00F45C76 /* FountainDisplayView.m */,
				9FD5533C1979EB7B00F45C76 /* ToggleView.h */,
				9FD5533D1979EB7B00F45C76 /* ToggleView.m */,
				9FD5533F197A4A3000F45C76 /* CustomButton.h */,
				9FD55340197A4A3000F45C76 /* CustomButton.m */,
				9FF6B70B197F71F8008F4EDD /* Constants.h */,
				9FF6B70C197F7648008F4EDD /* APIFunctions.h */,
				9FF6B70D197F7648008F4EDD /* APIFunctions.m */,
				9F0CBA3619872AF600BC2CF1 /* SecretKeys.h */,
				9F0CBA3719872AF600BC2CF1 /* SecretKeys.m */,
				9F92AC1519874BE000EDA701 /* TabViewController.h */,
				9F92AC1619874BE000EDA701 /* TabViewController.m */,
			);
			path = "Enlight-iOS";
			sourceTree = "<group>";
		};
		9FC721D11974DA280057A7C8 /* Supporting Files */ = {
			isa = PBXGroup;
			children = (
				9FC721DC1974DA280057A7C8 /* Images.xcassets */,
				9FC721D21974DA280057A7C8 /* Enlight-iOS-Info.plist */,
				9FC721D31974DA280057A7C8 /* InfoPlist.strings */,
				9FC721D61974DA280057A7C8 /* main.m */,
				9FC721D81974DA280057A7C8 /* Enlight-iOS-Prefix.pch */,
			);
			name = "Supporting Files";
			path = "Enlight-iOS";
			sourceTree = "<group>";
		};
		9FC721E91974DA280057A7C8 /* Enlight-iOSTests */ = {
			isa = PBXGroup;
			children = (
				9FC721EF1974DA280057A7C8 /* Enlight_iOSTests.m */,
				9FC721EA1974DA280057A7C8 /* Supporting Files */,
			);
			path = "Enlight-iOSTests";
			sourceTree = "<group>";
		};
		9FC721EA1974DA280057A7C8 /* Supporting Files */ = {
			isa = PBXGroup;
			children = (
				9FC721EB1974DA280057A7C8 /* Enlight-iOSTests-Info.plist */,
				9FC721EC1974DA280057A7C8 /* InfoPlist.strings */,
			);
			name = "Supporting Files";
			sourceTree = "<group>";
		};
/* End PBXGroup section */

/* Begin PBXNativeTarget section */
		9FC721C61974DA270057A7C8 /* Enlight-iOS */ = {
			isa = PBXNativeTarget;
			buildConfigurationList = 9FC721F31974DA280057A7C8 /* Build configuration list for PBXNativeTarget "Enlight-iOS" */;
			buildPhases = (
				9FC721C31974DA270057A7C8 /* Sources */,
				9FC721C41974DA270057A7C8 /* Frameworks */,
				9FC721C51974DA270057A7C8 /* Resources */,
			);
			buildRules = (
			);
			dependencies = (
			);
			name = "Enlight-iOS";
			productName = "Enlight-iOS";
			productReference = 9FC721C71974DA280057A7C8 /* Enlight-iOS.app */;
			productType = "com.apple.product-type.application";
		};
		9FC721E11974DA280057A7C8 /* Enlight-iOSTests */ = {
			isa = PBXNativeTarget;
			buildConfigurationList = 9FC721F61974DA280057A7C8 /* Build configuration list for PBXNativeTarget "Enlight-iOSTests" */;
			buildPhases = (
				9FC721DE1974DA280057A7C8 /* Sources */,
				9FC721DF1974DA280057A7C8 /* Frameworks */,
				9FC721E01974DA280057A7C8 /* Resources */,
			);
			buildRules = (
			);
			dependencies = (
				9FC721E81974DA280057A7C8 /* PBXTargetDependency */,
				9F19E9901984E746004F831E /* PBXTargetDependency */,
			);
			name = "Enlight-iOSTests";
			productName = "Enlight-iOSTests";
			productReference = 9FC721E21974DA280057A7C8 /* Enlight-iOSTests.xctest */;
			productType = "com.apple.product-type.bundle.unit-test";
		};
/* End PBXNativeTarget section */

/* Begin PBXProject section */
		9FC721BF1974DA270057A7C8 /* Project object */ = {
			isa = PBXProject;
			attributes = {
				LastUpgradeCheck = 0510;
				ORGANIZATIONNAME = Enlight;
				TargetAttributes = {
					9FC721C61974DA270057A7C8 = {
						DevelopmentTeam = 9RSGCSU935;
					};
					9FC721E11974DA280057A7C8 = {
						TestTargetID = 9FC721C61974DA270057A7C8;
					};
				};
			};
			buildConfigurationList = 9FC721C21974DA270057A7C8 /* Build configuration list for PBXProject "Enlight-iOS" */;
			compatibilityVersion = "Xcode 3.2";
			developmentRegion = English;
			hasScannedForEncodings = 0;
			knownRegions = (
				en,
			);
			mainGroup = 9FC721BE1974DA270057A7C8;
			productRefGroup = 9FC721C81974DA280057A7C8 /* Products */;
			projectDirPath = "";
			projectRoot = "";
			targets = (
				9FC721C61974DA270057A7C8 /* Enlight-iOS */,
				9FC721E11974DA280057A7C8 /* Enlight-iOSTests */,
			);
		};
/* End PBXProject section */

/* Begin PBXResourcesBuildPhase section */
		9FC721C51974DA270057A7C8 /* Resources */ = {
			isa = PBXResourcesBuildPhase;
			buildActionMask = 2147483647;
			files = (
				9F440C2A1980CFDC002BF743 /* enlighticon_40.png in Resources */,
				9F440C2D1980CFDC002BF743 /* enlighticon_80.png in Resources */,
				9FC721D51974DA280057A7C8 /* InfoPlist.strings in Resources */,
				9F769D2219888327008BE5DB /* Cont_Empty.png in Resources */,
				9F440C291980CFDC002BF743 /* enlighticon_29.png in Resources */,
				9F440C2E1980CFDC002BF743 /* enlighticon_120.png in Resources */,
				9F440C2B1980CFDC002BF743 /* enlighticon_58.png in Resources */,
				9FC721DD1974DA280057A7C8 /* Images.xcassets in Resources */,
				9F440C2F1980CFDC002BF743 /* enlighticon_152.png in Resources */,
				9F440C2C1980CFDC002BF743 /* enlighticon_76.png in Resources */,
				9F769D2319888327008BE5DB /* Cont_Filled.png in Resources */,
			);
			runOnlyForDeploymentPostprocessing = 0;
		};
		9FC721E01974DA280057A7C8 /* Resources */ = {
			isa = PBXResourcesBuildPhase;
			buildActionMask = 2147483647;
			files = (
				9FC721EE1974DA280057A7C8 /* InfoPlist.strings in Resources */,
			);
			runOnlyForDeploymentPostprocessing = 0;
		};
/* End PBXResourcesBuildPhase section */

/* Begin PBXSourcesBuildPhase section */
		9FC721C31974DA270057A7C8 /* Sources */ = {
			isa = PBXSourcesBuildPhase;
			buildActionMask = 2147483647;
			files = (
				9FD55341197A4A3000F45C76 /* CustomButton.m in Sources */,
				9F0CBA3819872AF600BC2CF1 /* SecretKeys.m in Sources */,
				9FC721DB1974DA280057A7C8 /* AppDelegate.m in Sources */,
				9F92AC1719874BE000EDA701 /* TabViewController.m in Sources */,
				9FF6B70E197F7648008F4EDD /* APIFunctions.m in Sources */,
				9FD5533B1979EB4C00F45C76 /* FountainDisplayView.m in Sources */,
				9F36F10A19763177000855C3 /* MainViewController.m in Sources */,
				9FD5533E1979EB7B00F45C76 /* ToggleView.m in Sources */,
				9FC721D71974DA280057A7C8 /* main.m in Sources */,
			);
			runOnlyForDeploymentPostprocessing = 0;
		};
		9FC721DE1974DA280057A7C8 /* Sources */ = {
			isa = PBXSourcesBuildPhase;
			buildActionMask = 2147483647;
			files = (
				9FC721F01974DA280057A7C8 /* Enlight_iOSTests.m in Sources */,
			);
			runOnlyForDeploymentPostprocessing = 0;
		};
/* End PBXSourcesBuildPhase section */

/* Begin PBXTargetDependency section */
		9F19E9901984E746004F831E /* PBXTargetDependency */ = {
			isa = PBXTargetDependency;
			target = 9FC721C61974DA270057A7C8 /* Enlight-iOS */;
			targetProxy = 9F19E98F1984E746004F831E /* PBXContainerItemProxy */;
		};
		9FC721E81974DA280057A7C8 /* PBXTargetDependency */ = {
			isa = PBXTargetDependency;
			target = 9FC721C61974DA270057A7C8 /* Enlight-iOS */;
			targetProxy = 9FC721E71974DA280057A7C8 /* PBXContainerItemProxy */;
		};
/* End PBXTargetDependency section */

/* Begin PBXVariantGroup section */
		9FC721D31974DA280057A7C8 /* InfoPlist.strings */ = {
			isa = PBXVariantGroup;
			children = (
				9FC721D41974DA280057A7C8 /* en */,
			);
			name = InfoPlist.strings;
			sourceTree = "<group>";
		};
		9FC721EC1974DA280057A7C8 /* InfoPlist.strings */ = {
			isa = PBXVariantGroup;
			children = (
				9FC721ED1974DA280057A7C8 /* en */,
			);
			name = InfoPlist.strings;
			sourceTree = "<group>";
		};
/* End PBXVariantGroup section */

/* Begin XCBuildConfiguration section */
		9FC721F11974DA280057A7C8 /* Debug */ = {
			isa = XCBuildConfiguration;
			buildSettings = {
				ALWAYS_SEARCH_USER_PATHS = NO;
				CLANG_CXX_LANGUAGE_STANDARD = "gnu++0x";
				CLANG_CXX_LIBRARY = "libc++";
				CLANG_ENABLE_MODULES = YES;
				CLANG_ENABLE_OBJC_ARC = YES;
				CLANG_WARN_BOOL_CONVERSION = YES;
				CLANG_WARN_CONSTANT_CONVERSION = YES;
				CLANG_WARN_DIRECT_OBJC_ISA_USAGE = YES_ERROR;
				CLANG_WARN_EMPTY_BODY = YES;
				CLANG_WARN_ENUM_CONVERSION = YES;
				CLANG_WARN_INT_CONVERSION = YES;
				CLANG_WARN_OBJC_ROOT_CLASS = YES_ERROR;
				CLANG_WARN__DUPLICATE_METHOD_MATCH = YES;
				"CODE_SIGN_IDENTITY[sdk=iphoneos*]" = "iPhone Developer";
				COPY_PHASE_STRIP = NO;
				GCC_C_LANGUAGE_STANDARD = gnu99;
				GCC_DYNAMIC_NO_PIC = NO;
				GCC_OPTIMIZATION_LEVEL = 0;
				GCC_PREPROCESSOR_DEFINITIONS = (
					"DEBUG=1",
					"$(inherited)",
				);
				GCC_SYMBOLS_PRIVATE_EXTERN = NO;
				GCC_WARN_64_TO_32_BIT_CONVERSION = YES;
				GCC_WARN_ABOUT_RETURN_TYPE = YES_ERROR;
				GCC_WARN_UNDECLARED_SELECTOR = YES;
				GCC_WARN_UNINITIALIZED_AUTOS = YES_AGGRESSIVE;
				GCC_WARN_UNUSED_FUNCTION = YES;
				GCC_WARN_UNUSED_VARIABLE = YES;
				IPHONEOS_DEPLOYMENT_TARGET = 7.1;
				ONLY_ACTIVE_ARCH = YES;
				SDKROOT = iphoneos;
				TARGETED_DEVICE_FAMILY = "1,2";
			};
			name = Debug;
		};
		9FC721F21974DA280057A7C8 /* Release */ = {
			isa = XCBuildConfiguration;
			buildSettings = {
				ALWAYS_SEARCH_USER_PATHS = NO;
				CLANG_CXX_LANGUAGE_STANDARD = "gnu++0x";
				CLANG_CXX_LIBRARY = "libc++";
				CLANG_ENABLE_MODULES = YES;
				CLANG_ENABLE_OBJC_ARC = YES;
				CLANG_WARN_BOOL_CONVERSION = YES;
				CLANG_WARN_CONSTANT_CONVERSION = YES;
				CLANG_WARN_DIRECT_OBJC_ISA_USAGE = YES_ERROR;
				CLANG_WARN_EMPTY_BODY = YES;
				CLANG_WARN_ENUM_CONVERSION = YES;
				CLANG_WARN_INT_CONVERSION = YES;
				CLANG_WARN_OBJC_ROOT_CLASS = YES_ERROR;
				CLANG_WARN__DUPLICATE_METHOD_MATCH = YES;
				"CODE_SIGN_IDENTITY[sdk=iphoneos*]" = "iPhone Developer";
				COPY_PHASE_STRIP = YES;
				ENABLE_NS_ASSERTIONS = NO;
				GCC_C_LANGUAGE_STANDARD = gnu99;
				GCC_WARN_64_TO_32_BIT_CONVERSION = YES;
				GCC_WARN_ABOUT_RETURN_TYPE = YES_ERROR;
				GCC_WARN_UNDECLARED_SELECTOR = YES;
				GCC_WARN_UNINITIALIZED_AUTOS = YES_AGGRESSIVE;
				GCC_WARN_UNUSED_FUNCTION = YES;
				GCC_WARN_UNUSED_VARIABLE = YES;
				IPHONEOS_DEPLOYMENT_TARGET = 7.1;
				SDKROOT = iphoneos;
				TARGETED_DEVICE_FAMILY = "1,2";
				VALIDATE_PRODUCT = YES;
			};
			name = Release;
		};
		9FC721F41974DA280057A7C8 /* Debug */ = {
			isa = XCBuildConfiguration;
			buildSettings = {
				ASSETCATALOG_COMPILER_APPICON_NAME = AppIcon;
				ASSETCATALOG_COMPILER_LAUNCHIMAGE_NAME = LaunchImage;
				CODE_SIGN_IDENTITY = "iPhone Developer";
				"CODE_SIGN_IDENTITY[sdk=iphoneos*]" = "iPhone Developer";
				GCC_PRECOMPILE_PREFIX_HEADER = YES;
				GCC_PREFIX_HEADER = "Enlight-iOS/Enlight-iOS-Prefix.pch";
				INFOPLIST_FILE = "Enlight-iOS/Enlight-iOS-Info.plist";
				PRODUCT_NAME = "$(TARGET_NAME)";
				PROVISIONING_PROFILE = "";
				WRAPPER_EXTENSION = app;
			};
			name = Debug;
		};
		9FC721F51974DA280057A7C8 /* Release */ = {
			isa = XCBuildConfiguration;
			buildSettings = {
				ASSETCATALOG_COMPILER_APPICON_NAME = AppIcon;
				ASSETCATALOG_COMPILER_LAUNCHIMAGE_NAME = LaunchImage;
				CODE_SIGN_IDENTITY = "iPhone Developer";
				"CODE_SIGN_IDENTITY[sdk=iphoneos*]" = "iPhone Developer";
				GCC_PRECOMPILE_PREFIX_HEADER = YES;
				GCC_PREFIX_HEADER = "Enlight-iOS/Enlight-iOS-Prefix.pch";
				INFOPLIST_FILE = "Enlight-iOS/Enlight-iOS-Info.plist";
				PRODUCT_NAME = "$(TARGET_NAME)";
				PROVISIONING_PROFILE = "";
				WRAPPER_EXTENSION = app;
			};
			name = Release;
		};
		9FC721F71974DA280057A7C8 /* Debug */ = {
			isa = XCBuildConfiguration;
			buildSettings = {
				BUNDLE_LOADER = "$(BUILT_PRODUCTS_DIR)/Enlight-iOS.app/Enlight-iOS";
				FRAMEWORK_SEARCH_PATHS = (
					"$(SDKROOT)/Developer/Library/Frameworks",
					"$(inherited)",
					"$(DEVELOPER_FRAMEWORKS_DIR)",
				);
				GCC_PRECOMPILE_PREFIX_HEADER = YES;
				GCC_PREFIX_HEADER = "Enlight-iOS/Enlight-iOS-Prefix.pch";
				GCC_PREPROCESSOR_DEFINITIONS = (
					"DEBUG=1",
					"$(inherited)",
				);
				INFOPLIST_FILE = "Enlight-iOSTests/Enlight-iOSTests-Info.plist";
				PRODUCT_NAME = "$(TARGET_NAME)";
				TEST_HOST = "$(BUNDLE_LOADER)";
				WRAPPER_EXTENSION = xctest;
			};
			name = Debug;
		};
		9FC721F81974DA280057A7C8 /* Release */ = {
			isa = XCBuildConfiguration;
			buildSettings = {
				BUNDLE_LOADER = "$(BUILT_PRODUCTS_DIR)/Enlight-iOS.app/Enlight-iOS";
				FRAMEWORK_SEARCH_PATHS = (
					"$(SDKROOT)/Developer/Library/Frameworks",
					"$(inherited)",
					"$(DEVELOPER_FRAMEWORKS_DIR)",
				);
				GCC_PRECOMPILE_PREFIX_HEADER = YES;
				GCC_PREFIX_HEADER = "Enlight-iOS/Enlight-iOS-Prefix.pch";
				INFOPLIST_FILE = "Enlight-iOSTests/Enlight-iOSTests-Info.plist";
				PRODUCT_NAME = "$(TARGET_NAME)";
				TEST_HOST = "$(BUNDLE_LOADER)";
				WRAPPER_EXTENSION = xctest;
			};
			name = Release;
		};
/* End XCBuildConfiguration section */

/* Begin XCConfigurationList section */
		9FC721C21974DA270057A7C8 /* Build configuration list for PBXProject "Enlight-iOS" */ = {
			isa = XCConfigurationList;
			buildConfigurations = (
				9FC721F11974DA280057A7C8 /* Debug */,
				9FC721F21974DA280057A7C8 /* Release */,
			);
			defaultConfigurationIsVisible = 0;
			defaultConfigurationName = Release;
		};
		9FC721F31974DA280057A7C8 /* Build configuration list for PBXNativeTarget "Enlight-iOS" */ = {
			isa = XCConfigurationList;
			buildConfigurations = (
				9FC721F41974DA280057A7C8 /* Debug */,
				9FC721F51974DA280057A7C8 /* Release */,
			);
			defaultConfigurationIsVisible = 0;
			defaultConfigurationName = Release;
		};
		9FC721F61974DA280057A7C8 /* Build configuration list for PBXNativeTarget "Enlight-iOSTests" */ = {
			isa = XCConfigurationList;
			buildConfigurations = (
				9FC721F71974DA280057A7C8 /* Debug */,
				9FC721F81974DA280057A7C8 /* Release */,
			);
			defaultConfigurationIsVisible = 0;
			defaultConfigurationName = Release;
		};
/* End XCConfigurationList section */
	};
	rootObject = 9FC721BF1974DA270057A7C8 /* Project object */;
}
